
Microsoft Visual Studio Solution File, Format Version 12.00
# Visual Studio Version 17
VisualStudioVersion = 17.14.36414.22
MinimumVisualStudioVersion = 10.0.40219.1
Project("{FAE04EC0-301F-11D3-BF4B-00C04F79EFBC}") = "Terminkalender", "Terminkalender\Terminkalender.csproj", "{9A12AA22-E5B6-43D7-9693-01D156AF3C67}"
EndProject
Project("{FAE04EC0-301F-11D3-BF4B-00C04F79EFBC}") = "Shared", "Shared\Shared.csproj", "{2DFD5C66-83B0-45CA-8CBF-606ABA3F1D1A}"
EndProject
Project("{FAE04EC0-301F-11D3-BF4B-00C04F79EFBC}") = "Datenbankanbindung", "Datenbankanbindung\Datenbankanbindung.csproj", "{CC3DF30B-8959-41E3-8968-541B758293FA}"
EndProject
Global
	GlobalSection(SolutionConfigurationPlatforms) = preSolution
		Debug|Any CPU = Debug|Any CPU
		Release|Any CPU = Release|Any CPU
	EndGlobalSection
	GlobalSection(ProjectConfigurationPlatforms) = postSolution
		{9A12AA22-E5B6-43D7-9693-01D156AF3C67}.Debug|Any CPU.ActiveCfg = Debug|Any CPU
		{9A12AA22-E5B6-43D7-9693-01D156AF3C67}.Debug|Any CPU.Build.0 = Debug|Any CPU
		{9A12AA22-E5B6-43D7-9693-01D156AF3C67}.Release|Any CPU.ActiveCfg = Release|Any CPU
		{9A12AA22-E5B6-43D7-9693-01D156AF3C67}.Release|Any CPU.Build.0 = Release|Any CPU
		{2DFD5C66-83B0-45CA-8CBF-606ABA3F1D1A}.Debug|Any CPU.ActiveCfg = Debug|Any CPU
		{2DFD5C66-83B0-45CA-8CBF-606ABA3F1D1A}.Debug|Any CPU.Build.0 = Debug|Any CPU
		{2DFD5C66-83B0-45CA-8CBF-606ABA3F1D1A}.Release|Any CPU.ActiveCfg = Release|Any CPU
		{2DFD5C66-83B0-45CA-8CBF-606ABA3F1D1A}.Release|Any CPU.Build.0 = Release|Any CPU
		{CC3DF30B-8959-41E3-8968-541B758293FA}.Debug|Any CPU.ActiveCfg = Debug|Any CPU
		{CC3DF30B-8959-41E3-8968-541B758293FA}.Debug|Any CPU.Build.0 = Debug|Any CPU
		{CC3DF30B-8959-41E3-8968-541B758293FA}.Release|Any CPU.ActiveCfg = Release|Any CPU
		{CC3DF30B-8959-41E3-8968-541B758293FA}.Release|Any CPU.Build.0 = Release|Any CPU
	EndGlobalSection
	GlobalSection(SolutionProperties) = preSolution
		HideSolutionNode = FALSE
	EndGlobalSection
	GlobalSection(ExtensibilityGlobals) = postSolution
		SolutionGuid = {8ECEEAF2-A467-4840-B8B9-EB8DF9E04123}
	EndGlobalSection
EndGlobal
